
Microsoft Visual Studio Solution File, Format Version 12.00
# Visual Studio Version 17
VisualStudioVersion = 17.9.34622.214
MinimumVisualStudioVersion = 10.0.40219.1
Project("{FAE04EC0-301F-11D3-BF4B-00C04F79EFBC}") = "TodoApp", "TodoApp.csproj", "{A7FBFEEF-0DB3-4D10-874F-8ABD4106637A}"
EndProject
Global
	GlobalSection(SolutionConfigurationPlatforms) = preSolution
		Debug|Any CPU = Debug|Any CPU
		Release|Any CPU = Release|Any CPU
	EndGlobalSection
	GlobalSection(ProjectConfigurationPlatforms) = postSolution
		{A7FBFEEF-0DB3-4D10-874F-8ABD4106637A}.Debug|Any CPU.ActiveCfg = Debug|Any CPU
		{A7FBFEEF-0DB3-4D10-874F-8ABD4106637A}.Debug|Any CPU.Build.0 = Debug|Any CPU
		{A7FBFEEF-0DB3-4D10-874F-8ABD4106637A}.Release|Any CPU.ActiveCfg = Release|Any CPU
		{A7FBFEEF-0DB3-4D10-874F-8ABD4106637A}.Release|Any CPU.Build.0 = Release|Any CPU
	EndGlobalSection
	GlobalSection(SolutionProperties) = preSolution
		HideSolutionNode = FALSE
	EndGlobalSection
	GlobalSection(ExtensibilityGlobals) = postSolution
		SolutionGuid = {E1823FBD-04F0-486E-82F8-BAF0939FA325}
	EndGlobalSection
EndGlobal
